
Microsoft Visual Studio Solution File, Format Version 12.00
Project("{FAE04EC0-301F-11D3-BF4B-00C04F79EFBC}") = "ApiLimiter", "ApiLimiter\ApiLimiter.csproj", "{1FBC278E-33B0-4E09-B7AE-60674FF00A7E}"
EndProject
Global
	GlobalSection(SolutionConfigurationPlatforms) = preSolution
		Debug|Any CPU = Debug|Any CPU
		Release|Any CPU = Release|Any CPU
	EndGlobalSection
	GlobalSection(ProjectConfigurationPlatforms) = postSolution
		{1FBC278E-33B0-4E09-B7AE-60674FF00A7E}.Debug|Any CPU.ActiveCfg = Debug|Any CPU
		{1FBC278E-33B0-4E09-B7AE-60674FF00A7E}.Debug|Any CPU.Build.0 = Debug|Any CPU
		{1FBC278E-33B0-4E09-B7AE-60674FF00A7E}.Release|Any CPU.ActiveCfg = Release|Any CPU
		{1FBC278E-33B0-4E09-B7AE-60674FF00A7E}.Release|Any CPU.Build.0 = Release|Any CPU
	EndGlobalSection
EndGlobal
